// !$*UTF8*$!
{
	archiveVersion = 1;
	classes = {
	};
	objectVersion = 46;
	objects = {

/* Begin PBXBuildFile section */
		DE5E32941BC2BD7D00ADAB4C /* AppDelegate.swift in Sources */ = {isa = PBXBuildFile; fileRef = DE5E32931BC2BD7D00ADAB4C /* AppDelegate.swift */; };
		DE5E32961BC2BD7D00ADAB4C /* ViewController.swift in Sources */ = {isa = PBXBuildFile; fileRef = DE5E32951BC2BD7D00ADAB4C /* ViewController.swift */; };
		DE5E32991BC2BD7D00ADAB4C /* Main.storyboard in Resources */ = {isa = PBXBuildFile; fileRef = DE5E32971BC2BD7D00ADAB4C /* Main.storyboard */; };
		DE5E329B1BC2BD7D00ADAB4C /* Assets.xcassets in Resources */ = {isa = PBXBuildFile; fileRef = DE5E329A1BC2BD7D00ADAB4C /* Assets.xcassets */; };
		DE5E329E1BC2BD7D00ADAB4C /* LaunchScreen.storyboard in Resources */ = {isa = PBXBuildFile; fileRef = DE5E329C1BC2BD7D00ADAB4C /* LaunchScreen.storyboard */; };
/* End PBXBuildFile section */

/* Begin PBXFileReference section */
		DE5E32901BC2BD7D00ADAB4C /* Downloading Web Content.app */ = {isa = PBXFileReference; explicitFileType = wrapper.application; includeInIndex = 0; path = "Downloading Web Content.app"; sourceTree = BUILT_PRODUCTS_DIR; };
		DE5E32931BC2BD7D00ADAB4C /* AppDelegate.swift */ = {isa = PBXFileReference; lastKnownFileType = sourcecode.swift; path = AppDelegate.swift; sourceTree = "<group>"; };
		DE5E32951BC2BD7D00ADAB4C /* ViewController.swift */ = {isa = PBXFileReference; lastKnownFileType = sourcecode.swift; path = ViewController.swift; sourceTree = "<group>"; };
		DE5E32981BC2BD7D00ADAB4C /* Base */ = {isa = PBXFileReference; lastKnownFileType = file.storyboard; name = Base; path = Base.lproj/Main.storyboard; sourceTree = "<group>"; };
		DE5E329A1BC2BD7D00ADAB4C /* Assets.xcassets */ = {isa = PBXFileReference; lastKnownFileType = folder.assetcatalog; path = Assets.xcassets; sourceTree = "<group>"; };
		DE5E329D1BC2BD7D00ADAB4C /* Base */ = {isa = PBXFileReference; lastKnownFileType = file.storyboard; name = Base; path = Base.lproj/LaunchScreen.storyboard; sourceTree = "<group>"; };
		DE5E329F1BC2BD7D00ADAB4C /* Info.plist */ = {isa = PBXFileReference; lastKnownFileType = text.plist.xml; path = Info.plist; sourceTree = "<group>"; };
/* End PBXFileReference section */

/* Begin PBXFrameworksBuildPhase section */
		DE5E328D1BC2BD7D00ADAB4C /* Frameworks */ = {
			isa = PBXFrameworksBuildPhase;
			buildActionMask = 2147483647;
			files = (
			);
			runOnlyForDeploymentPostprocessing = 0;
		};
/* End PBXFrameworksBuildPhase section */

/* Begin PBXGroup section */
		DE5E32871BC2BD7D00ADAB4C = {
			isa = PBXGroup;
			children = (
				DE5E32921BC2BD7D00ADAB4C /* Downloading Web Content */,
				DE5E32911BC2BD7D00ADAB4C /* Products */,
			);
			sourceTree = "<group>";
		};
		DE5E32911BC2BD7D00ADAB4C /* Products */ = {
			isa = PBXGroup;
			children = (
				DE5E32901BC2BD7D00ADAB4C /* Downloading Web Content.app */,
			);
			name = Products;
			sourceTree = "<group>";
		};
		DE5E32921BC2BD7D00ADAB4C /* Downloading Web Content */ = {
			isa = PBXGroup;
			children = (
				DE5E32931BC2BD7D00ADAB4C /* AppDelegate.swift */,
				DE5E32951BC2BD7D00ADAB4C /* ViewController.swift */,
				DE5E32971BC2BD7D00ADAB4C /* Main.storyboard */,
				DE5E329A1BC2BD7D00ADAB4C /* Assets.xcassets */,
				DE5E329C1BC2BD7D00ADAB4C /* LaunchScreen.storyboard */,
				DE5E329F1BC2BD7D00ADAB4C /* Info.plist */,
			);
			path = "Downloading Web Content";
			sourceTree = "<group>";
		};
/* End PBXGroup section */

/* Begin PBXNativeTarget section */
		DE5E328F1BC2BD7D00ADAB4C /* Downloading Web Content */ = {
			isa = PBXNativeTarget;
			buildConfigurationList = DE5E32A21BC2BD7D00ADAB4C /* Build configuration list for PBXNativeTarget "Downloading Web Content" */;
			buildPhases = (
				DE5E328C1BC2BD7D00ADAB4C /* Sources */,
				DE5E328D1BC2BD7D00ADAB4C /* Frameworks */,
				DE5E328E1BC2BD7D00ADAB4C /* Resources */,
			);
			buildRules = (
			);
			dependencies = (
			);
			name = "Downloading Web Content";
			productName = "Downloading Web Content";
			productReference = DE5E32901BC2BD7D00ADAB4C /* Downloading Web Content.app */;
			productType = "com.apple.product-type.application";
		};
/* End PBXNativeTarget section */

/* Begin PBXProject section */
		DE5E32881BC2BD7D00ADAB4C /* Project object */ = {
			isa = PBXProject;
			attributes = {
				LastUpgradeCheck = 0700;
				ORGANIZATIONNAME = HashRocket;
				TargetAttributes = {
					DE5E328F1BC2BD7D00ADAB4C = {
						CreatedOnToolsVersion = 7.0.1;
					};
				};
			};
			buildConfigurationList = DE5E328B1BC2BD7D00ADAB4C /* Build configuration list for PBXProject "Downloading Web Content" */;
			compatibilityVersion = "Xcode 3.2";
			developmentRegion = English;
			hasScannedForEncodings = 0;
			knownRegions = (
				en,
				Base,
			);
			mainGroup = DE5E32871BC2BD7D00ADAB4C;
			productRefGroup = DE5E32911BC2BD7D00ADAB4C /* Products */;
			projectDirPath = "";
			projectRoot = "";
			targets = (
				DE5E328F1BC2BD7D00ADAB4C /* Downloading Web Content */,
			);
		};
/* End PBXProject section */

/* Begin PBXResourcesBuildPhase section */
		DE5E328E1BC2BD7D00ADAB4C /* Resources */ = {
			isa = PBXResourcesBuildPhase;
			buildActionMask = 2147483647;
			files = (
				DE5E329E1BC2BD7D00ADAB4C /* LaunchScreen.storyboard in Resources */,
				DE5E329B1BC2BD7D00ADAB4C /* Assets.xcassets in Resources */,
				DE5E32991BC2BD7D00ADAB4C /* Main.storyboard in Resources */,
			);
			runOnlyForDeploymentPostprocessing = 0;
		};
/* End PBXResourcesBuildPhase section */

/* Begin PBXSourcesBuildPhase section */
		DE5E328C1BC2BD7D00ADAB4C /* Sources */ = {
			isa = PBXSourcesBuildPhase;
			buildActionMask = 2147483647;
			files = (
				DE5E32961BC2BD7D00ADAB4C /* ViewController.swift in Sources */,
				DE5E32941BC2BD7D00ADAB4C /* AppDelegate.swift in Sources */,
			);
			runOnlyForDeploymentPostprocessing = 0;
		};
/* End PBXSourcesBuildPhase section */

/* Begin PBXVariantGroup section */
		DE5E32971BC2BD7D00ADAB4C /* Main.storyboard */ = {
			isa = PBXVariantGroup;
			children = (
				DE5E32981BC2BD7D00ADAB4C /* Base */,
			);
			name = Main.storyboard;
			sourceTree = "<group>";
		};
		DE5E329C1BC2BD7D00ADAB4C /* LaunchScreen.storyboard */ = {
			isa = PBXVariantGroup;
			children = (
				DE5E329D1BC2BD7D00ADAB4C /* Base */,
			);
			name = LaunchScreen.storyboard;
			sourceTree = "<group>";
		};
/* End PBXVariantGroup section */

/* Begin XCBuildConfiguration section */
		DE5E32A01BC2BD7D00ADAB4C /* Debug */ = {
			isa = XCBuildConfiguration;
			buildSettings = {
				ALWAYS_SEARCH_USER_PATHS = NO;
				CLANG_CXX_LANGUAGE_STANDARD = "gnu++0x";
				CLANG_CXX_LIBRARY = "libc++";
				CLANG_ENABLE_MODULES = YES;
				CLANG_ENABLE_OBJC_ARC = YES;
				CLANG_WARN_BOOL_CONVERSION = YES;
				CLANG_WARN_CONSTANT_CONVERSION = YES;
				CLANG_WARN_DIRECT_OBJC_ISA_USAGE = YES_ERROR;
				CLANG_WARN_EMPTY_BODY = YES;
				CLANG_WARN_ENUM_CONVERSION = YES;
				CLANG_WARN_INT_CONVERSION = YES;
				CLANG_WARN_OBJC_ROOT_CLASS = YES_ERROR;
				CLANG_WARN_UNREACHABLE_CODE = YES;
				CLANG_WARN__DUPLICATE_METHOD_MATCH = YES;
				"CODE_SIGN_IDENTITY[sdk=iphoneos*]" = "iPhone Developer";
				COPY_PHASE_STRIP = NO;
				DEBUG_INFORMATION_FORMAT = dwarf;
				ENABLE_STRICT_OBJC_MSGSEND = YES;
				ENABLE_TESTABILITY = YES;
				GCC_C_LANGUAGE_STANDARD = gnu99;
				GCC_DYNAMIC_NO_PIC = NO;
				GCC_NO_COMMON_BLOCKS = YES;
				GCC_OPTIMIZATION_LEVEL = 0;
				GCC_PREPROCESSOR_DEFINITIONS = (
					"DEBUG=1",
					"$(inherited)",
				);
				GCC_WARN_64_TO_32_BIT_CONVERSION = YES;
				GCC_WARN_ABOUT_RETURN_TYPE = YES_ERROR;
				GCC_WARN_UNDECLARED_SELECTOR = YES;
				GCC_WARN_UNINITIALIZED_AUTOS = YES_AGGRESSIVE;
				GCC_WARN_UNUSED_FUNCTION = YES;
				GCC_WARN_UNUSED_VARIABLE = YES;
				IPHONEOS_DEPLOYMENT_TARGET = 9.0;
				MTL_ENABLE_DEBUG_INFO = YES;
				ONLY_ACTIVE_ARCH = YES;
				SDKROOT = iphoneos;
				SWIFT_OPTIMIZATION_LEVEL = "-Onone";
			};
			name = Debug;
		};
		DE5E32A11BC2BD7D00ADAB4C /* Release */ = {
			isa = XCBuildConfiguration;
			buildSettings = {
				ALWAYS_SEARCH_USER_PATHS = NO;
				CLANG_CXX_LANGUAGE_STANDARD = "gnu++0x";
				CLANG_CXX_LIBRARY = "libc++";
				CLANG_ENABLE_MODULES = YES;
				CLANG_ENABLE_OBJC_ARC = YES;
				CLANG_WARN_BOOL_CONVERSION = YES;
				CLANG_WARN_CONSTANT_CONVERSION = YES;
				CLANG_WARN_DIRECT_OBJC_ISA_USAGE = YES_ERROR;
				CLANG_WARN_EMPTY_BODY = YES;
				CLANG_WARN_ENUM_CONVERSION = YES;
				CLANG_WARN_INT_CONVERSION = YES;
				CLANG_WARN_OBJC_ROOT_CLASS = YES_ERROR;
				CLANG_WARN_UNREACHABLE_CODE = YES;
				CLANG_WARN__DUPLICATE_METHOD_MATCH = YES;
				"CODE_SIGN_IDENTITY[sdk=iphoneos*]" = "iPhone Developer";
				COPY_PHASE_STRIP = NO;
				DEBUG_INFORMATION_FORMAT = "dwarf-with-dsym";
				ENABLE_NS_ASSERTIONS = NO;
				ENABLE_STRICT_OBJC_MSGSEND = YES;
				GCC_C_LANGUAGE_STANDARD = gnu99;
				GCC_NO_COMMON_BLOCKS = YES;
				GCC_WARN_64_TO_32_BIT_CONVERSION = YES;
				GCC_WARN_ABOUT_RETURN_TYPE = YES_ERROR;
				GCC_WARN_UNDECLARED_SELECTOR = YES;
				GCC_WARN_UNINITIALIZED_AUTOS = YES_AGGRESSIVE;
				GCC_WARN_UNUSED_FUNCTION = YES;
				GCC_WARN_UNUSED_VARIABLE = YES;
				IPHONEOS_DEPLOYMENT_TARGET = 9.0;
				MTL_ENABLE_DEBUG_INFO = NO;
				SDKROOT = iphoneos;
				VALIDATE_PRODUCT = YES;
			};
			name = Release;
		};
		DE5E32A31BC2BD7D00ADAB4C /* Debug */ = {
			isa = XCBuildConfiguration;
			buildSettings = {
				ASSETCATALOG_COMPILER_APPICON_NAME = AppIcon;
				INFOPLIST_FILE = "Downloading Web Content/Info.plist";
				LD_RUNPATH_SEARCH_PATHS = "$(inherited) @executable_path/Frameworks";
				PRODUCT_BUNDLE_IDENTIFIER = "Open-Sky-Media--LLC.Downloading-Web-Content";
				PRODUCT_NAME = "$(TARGET_NAME)";
			};
			name = Debug;
		};
		DE5E32A41BC2BD7D00ADAB4C /* Release */ = {
			isa = XCBuildConfiguration;
			buildSettings = {
				ASSETCATALOG_COMPILER_APPICON_NAME = AppIcon;
				INFOPLIST_FILE = "Downloading Web Content/Info.plist";
				LD_RUNPATH_SEARCH_PATHS = "$(inherited) @executable_path/Frameworks";
				PRODUCT_BUNDLE_IDENTIFIER = "Open-Sky-Media--LLC.Downloading-Web-Content";
				PRODUCT_NAME = "$(TARGET_NAME)";
			};
			name = Release;
		};
/* End XCBuildConfiguration section */

/* Begin XCConfigurationList section */
		DE5E328B1BC2BD7D00ADAB4C /* Build configuration list for PBXProject "Downloading Web Content" */ = {
			isa = XCConfigurationList;
			buildConfigurations = (
				DE5E32A01BC2BD7D00ADAB4C /* Debug */,
				DE5E32A11BC2BD7D00ADAB4C /* Release */,
			);
			defaultConfigurationIsVisible = 0;
			defaultConfigurationName = Release;
		};
		DE5E32A21BC2BD7D00ADAB4C /* Build configuration list for PBXNativeTarget "Downloading Web Content" */ = {
			isa = XCConfigurationList;
			buildConfigurations = (
				DE5E32A31BC2BD7D00ADAB4C /* Debug */,
				DE5E32A41BC2BD7D00ADAB4C /* Release */,
			);
			defaultConfigurationIsVisible = 0;
		};
/* End XCConfigurationList section */
	};
	rootObject = DE5E32881BC2BD7D00ADAB4C /* Project object */;
}
